
Microsoft Visual Studio Solution File, Format Version 12.00
# Visual Studio Version 16
VisualStudioVersion = 16.0.29230.47
MinimumVisualStudioVersion = 10.0.40219.1
Project("{FAE04EC0-301F-11D3-BF4B-00C04F79EFBC}") = "FolkV3ApiSample", "FolkV3ApiSample.csproj", "{DDA1B64B-AD62-437C-B610-37289870A6F6}"
EndProject
Global
	GlobalSection(SolutionConfigurationPlatforms) = preSolution
		Debug|Any CPU = Debug|Any CPU
		Release|Any CPU = Release|Any CPU
	EndGlobalSection
	GlobalSection(ProjectConfigurationPlatforms) = postSolution
		{DDA1B64B-AD62-437C-B610-37289870A6F6}.Debug|Any CPU.ActiveCfg = Debug|Any CPU
		{DDA1B64B-AD62-437C-B610-37289870A6F6}.Debug|Any CPU.Build.0 = Debug|Any CPU
		{DDA1B64B-AD62-437C-B610-37289870A6F6}.Release|Any CPU.ActiveCfg = Release|Any CPU
		{DDA1B64B-AD62-437C-B610-37289870A6F6}.Release|Any CPU.Build.0 = Release|Any CPU
	EndGlobalSection
	GlobalSection(SolutionProperties) = preSolution
		HideSolutionNode = FALSE
	EndGlobalSection
	GlobalSection(ExtensibilityGlobals) = postSolution
		SolutionGuid = {DB5A9073-6FC9-42A3-8C3A-D90B6E3E9D99}
	EndGlobalSection
EndGlobal
